{
  "version": 4,
  "terraform_version": "1.15.9",
  "serial": 9,
  "lineage": "7dc92d4d-6bcc-61f6-7a0c-fba898e533bd",
  "outputs": {
    "load_balancer_info": {
      "value": {
        "id": "enp44knv6ppfu7ujpujk",
        "name": "web-load-balancer"
      },
      "type": [
        "object",
        {
          "id": "string",
          "name": "string"
        }
      ]
    },
    "vm_external_ips": {
      "value": [
        "84.201.159.154",
        "51.250.93.81"
      ],
      "type": [
        "tuple",
        [
          "string",
          "string"
        ]
      ]
    },
    "vm_internal_ips": {
      "value": [
        "192.168.10.33",
        "192.168.10.22"
      ],
      "type": [
        "tuple",
        [
          "string",
          "string"
        ]
      ]
    }
  },
  "resources": [
    {
      "mode": "managed",
      "type": "yandex_compute_instance",
      "name": "web",
      "provider": "provider[\"terraform-registry.storage.yandexcloud.net/yandex-cloud/yandex\"]",
      "instances": [
        {
          "index_key": 0,
          "schema_version": 1,
          "attributes": {
            "allow_stopping_for_update": null,
            "boot_disk": [
              {
                "auto_delete": true,
                "device_name": "fhmacjk4epqvbvrrcigq",
                "disk_id": "fhmacjk4epqvbvrrcigq",
                "initialize_params": [
                  {
                    "block_size": 4096,
                    "description": "",
                    "image_id": "fd80mrhj8fl2oe87o4e1",
                    "name": "",
                    "size": 10,
                    "snapshot_id": "",
                    "type": "network-hdd"
                  }
                ],
                "mode": "READ_WRITE"
              }
            ],
            "created_at": "2026-08-27T13:46:09Z",
            "description": "",
            "folder_id": "b1gi0pl6qs2gem9ei8f5",
            "fqdn": "fhml4h7dfmom8dspkfmp.auto.internal",
            "hostname": "fhml4h7dfmom8dspkfmp",
            "id": "fhml4h7dfmom8dspkfmp",
            "labels": null,
            "metadata": {
              "ssh-keys": "ubuntu:ssh-ed25519 AAAAC3NzaC1lZDI1NTE5AAAAIHr+OZvQxdizktYk9ZFjOspxRcJjehdX5UTIWIxExpdM yandex-cloud",
              "user-data": "#!/bin/bash\napt-get update\napt-get install -y nginx\nsystemctl enable nginx\nsystemctl start nginx\n"
            },
            "name": "web-server-1",
            "network_acceleration_type": "standard",
            "network_interface": [
              {
                "dns_record": [],
                "index": 0,
                "ip_address": "192.168.10.33",
                "ipv4": true,
                "ipv6": false,
                "ipv6_address": "",
                "ipv6_dns_record": [],
                "mac_address": "d0:0d:15:24:4e:d7",
                "nat": true,
                "nat_dns_record": [],
                "nat_ip_address": "84.201.159.154",
                "nat_ip_version": "IPV4",
                "security_group_ids": [
                  "enp060e4ej5vuvdtjqq1"
                ],
                "subnet_id": "e9bigbgf7mg43bj4tbep"
              }
            ],
            "placement_policy": [
              {
                "placement_group_id": ""
              }
            ],
            "platform_id": "standard-v1",
            "resources": [
              {
                "core_fraction": 100,
                "cores": 2,
                "gpus": 0,
                "memory": 2
              }
            ],
            "scheduling_policy": [
              {
                "preemptible": false
              }
            ],
            "secondary_disk": [],
            "service_account_id": "",
            "status": "running",
            "timeouts": null,
            "zone": "ru-central1-a"
          },
          "sensitive_attributes": [],
          "identity_schema_version": 0,
          "private": "eyJlMmJmYjczMC1lY2FhLTExZTYtOGY4OC0zNDM2M2JjN2M0YzAiOnsiY3JlYXRlIjozMDAwMDAwMDAwMDAsImRlbGV0ZSI6MzAwMDAwMDAwMDAwLCJ1cGRhdGUiOjMwMDAwMDAwMDAwMH0sInNjaGVtYV92ZXJzaW9uIjoiMSJ9",
          "dependencies": [
            "yandex_vpc_network.network",
            "yandex_vpc_security_group.web_sg",
            "yandex_vpc_subnet.subnet"
          ]
        },
        {
          "index_key": 1,
          "schema_version": 1,
          "attributes": {
            "allow_stopping_for_update": null,
            "boot_disk": [
              {
                "auto_delete": true,
                "device_name": "fhm38mc728jhua82b8jl",
                "disk_id": "fhm38mc728jhua82b8jl",
                "initialize_params": [
                  {
                    "block_size": 4096,
                    "description": "",
                    "image_id": "fd80mrhj8fl2oe87o4e1",
                    "name": "",
                    "size": 10,
                    "snapshot_id": "",
                    "type": "network-hdd"
                  }
                ],
                "mode": "READ_WRITE"
              }
            ],
            "created_at": "2026-08-27T13:46:09Z",
            "description": "",
            "folder_id": "b1gi0pl6qs2gem9ei8f5",
            "fqdn": "fhm6nsn586gmd59067hl.auto.internal",
            "hostname": "fhm6nsn586gmd59067hl",
            "id": "fhm6nsn586gmd59067hl",
            "labels": null,
            "metadata": {
              "ssh-keys": "ubuntu:ssh-ed25519 AAAAC3NzaC1lZDI1NTE5AAAAIHr+OZvQxdizktYk9ZFjOspxRcJjehdX5UTIWIxExpdM yandex-cloud",
              "user-data": "#!/bin/bash\napt-get update\napt-get install -y nginx\nsystemctl enable nginx\nsystemctl start nginx\n"
            },
            "name": "web-server-2",
            "network_acceleration_type": "standard",
            "network_interface": [
              {
                "dns_record": [],
                "index": 0,
                "ip_address": "192.168.10.22",
                "ipv4": true,
                "ipv6": false,
                "ipv6_address": "",
                "ipv6_dns_record": [],
                "mac_address": "d0:0d:6b:f2:e5:41",
                "nat": true,
                "nat_dns_record": [],
                "nat_ip_address": "51.250.93.81",
                "nat_ip_version": "IPV4",
                "security_group_ids": [
                  "enp060e4ej5vuvdtjqq1"
                ],
                "subnet_id": "e9bigbgf7mg43bj4tbep"
              }
            ],
            "placement_policy": [
              {
                "placement_group_id": ""
              }
            ],
            "platform_id": "standard-v1",
            "resources": [
              {
                "core_fraction": 100,
                "cores": 2,
                "gpus": 0,
                "memory": 2
              }
            ],
            "scheduling_policy": [
              {
                "preemptible": false
              }
            ],
            "secondary_disk": [],
            "service_account_id": "",
            "status": "running",
            "timeouts": null,
            "zone": "ru-central1-a"
          },
          "sensitive_attributes": [],
          "identity_schema_version": 0,
          "private": "eyJlMmJmYjczMC1lY2FhLTExZTYtOGY4OC0zNDM2M2JjN2M0YzAiOnsiY3JlYXRlIjozMDAwMDAwMDAwMDAsImRlbGV0ZSI6MzAwMDAwMDAwMDAwLCJ1cGRhdGUiOjMwMDAwMDAwMDAwMH0sInNjaGVtYV92ZXJzaW9uIjoiMSJ9",
          "dependencies": [
            "yandex_vpc_network.network",
            "yandex_vpc_security_group.web_sg",
            "yandex_vpc_subnet.subnet"
          ]
        }
      ]
    },
    {
      "mode": "managed",
      "type": "yandex_lb_network_load_balancer",
      "name": "web_lb",
      "provider": "provider[\"terraform-registry.storage.yandexcloud.net/yandex-cloud/yandex\"]",
      "instances": [
        {
          "schema_version": 0,
          "attributes": {
            "attached_target_group": [
              {
                "healthcheck": [
                  {
                    "healthy_threshold": 2,
                    "http_options": [
                      {
                        "path": "/",
                        "port": 80
                      }
                    ],
                    "interval": 2,
                    "name": "http-healthcheck",
                    "tcp_options": [],
                    "timeout": 1,
                    "unhealthy_threshold": 2
                  }
                ],
                "target_group_id": "enp5bm4ajurlj070irjo"
              }
            ],
            "created_at": "2026-08-27T13:47:16Z",
            "description": "",
            "folder_id": "b1gi0pl6qs2gem9ei8f5",
            "id": "enp44knv6ppfu7ujpujk",
            "labels": null,
            "listener": [
              {
                "external_address_spec": [],
                "internal_address_spec": [],
                "name": "web-listener",
                "port": 80,
                "protocol": "tcp",
                "target_port": 80
              }
            ],
            "name": "web-load-balancer",
            "region_id": "ru-central1",
            "timeouts": null,
            "type": "external"
          },
          "sensitive_attributes": [],
          "identity_schema_version": 0,
          "private": "eyJlMmJmYjczMC1lY2FhLTExZTYtOGY4OC0zNDM2M2JjN2M0YzAiOnsiY3JlYXRlIjozMDAwMDAwMDAwMDAsImRlbGV0ZSI6MzAwMDAwMDAwMDAwLCJ1cGRhdGUiOjMwMDAwMDAwMDAwMH19",
          "dependencies": [
            "yandex_compute_instance.web",
            "yandex_lb_target_group.web_tg",
            "yandex_vpc_network.network",
            "yandex_vpc_security_group.web_sg",
            "yandex_vpc_subnet.subnet"
          ]
        }
      ]
    },
    {
      "mode": "managed",
      "type": "yandex_lb_target_group",
      "name": "web_tg",
      "provider": "provider[\"terraform-registry.storage.yandexcloud.net/yandex-cloud/yandex\"]",
      "instances": [
        {
          "schema_version": 0,
          "attributes": {
            "created_at": "2026-08-27T13:47:14Z",
            "description": "",
            "folder_id": "b1gi0pl6qs2gem9ei8f5",
            "id": "enp5bm4ajurlj070irjo",
            "labels": null,
            "name": "web-target-group",
            "region_id": "ru-central1",
            "target": [
              {
                "address": "192.168.10.22",
                "subnet_id": "e9bigbgf7mg43bj4tbep"
              },
              {
                "address": "192.168.10.33",
                "subnet_id": "e9bigbgf7mg43bj4tbep"
              }
            ],
            "timeouts": null
          },
          "sensitive_attributes": [],
          "identity_schema_version": 0,
          "private": "eyJlMmJmYjczMC1lY2FhLTExZTYtOGY4OC0zNDM2M2JjN2M0YzAiOnsiY3JlYXRlIjozMDAwMDAwMDAwMDAsImRlbGV0ZSI6MzAwMDAwMDAwMDAwLCJ1cGRhdGUiOjMwMDAwMDAwMDAwMH19",
          "dependencies": [
            "yandex_compute_instance.web",
            "yandex_vpc_network.network",
            "yandex_vpc_security_group.web_sg",
            "yandex_vpc_subnet.subnet"
          ]
        }
      ]
    },
    {
      "mode": "managed",
      "type": "yandex_vpc_network",
      "name": "network",
      "provider": "provider[\"terraform-registry.storage.yandexcloud.net/yandex-cloud/yandex\"]",
      "instances": [
        {
          "schema_version": 0,
          "attributes": {
            "created_at": "2026-08-27T13:46:06Z",
            "default_security_group_id": "enpr8b9ja27s3gda48ie",
            "description": "",
            "folder_id": "b1gi0pl6qs2gem9ei8f5",
            "id": "enpq4vchgo2fnsp48qc2",
            "labels": {},
            "name": "lb-network",
            "subnet_ids": [],
            "timeouts": null
          },
          "sensitive_attributes": [],
          "identity_schema_version": 0,
          "private": "eyJlMmJmYjczMC1lY2FhLTExZTYtOGY4OC0zNDM2M2JjN2M0YzAiOnsiY3JlYXRlIjo2MDAwMDAwMDAwMCwiZGVsZXRlIjo2MDAwMDAwMDAwMCwidXBkYXRlIjo2MDAwMDAwMDAwMH19"
        }
      ]
    },
    {
      "mode": "managed",
      "type": "yandex_vpc_security_group",
      "name": "web_sg",
      "provider": "provider[\"terraform-registry.storage.yandexcloud.net/yandex-cloud/yandex\"]",
      "instances": [
        {
          "schema_version": 0,
          "attributes": {
            "created_at": "2026-08-27T13:46:08Z",
            "description": "",
            "egress": [
              {
                "description": "Allow all egress",
                "from_port": 0,
                "id": "enp93lmbg1q1u03bpp1f",
                "labels": {},
                "port": -1,
                "predefined_target": "",
                "protocol": "ANY",
                "security_group_id": "",
                "to_port": 65535,
                "v4_cidr_blocks": [
                  "0.0.0.0/0"
                ],
                "v6_cidr_blocks": []
              }
            ],
            "folder_id": "b1gi0pl6qs2gem9ei8f5",
            "id": "enp060e4ej5vuvdtjqq1",
            "ingress": [
              {
                "description": "HTTP",
                "from_port": -1,
                "id": "enpnjpql5pfc668jilbn",
                "labels": {},
                "port": 80,
                "predefined_target": "",
                "protocol": "TCP",
                "security_group_id": "",
                "to_port": -1,
                "v4_cidr_blocks": [
                  "0.0.0.0/0"
                ],
                "v6_cidr_blocks": []
              },
              {
                "description": "Health checks from LB",
                "from_port": -1,
                "id": "enpt2q5t00penik70dm0",
                "labels": {},
                "port": 80,
                "predefined_target": "",
                "protocol": "TCP",
                "security_group_id": "",
                "to_port": -1,
                "v4_cidr_blocks": [
                  "198.18.235.0/24",
                  "198.18.248.0/24"
                ],
                "v6_cidr_blocks": []
              },
              {
                "description": "SSH",
                "from_port": -1,
                "id": "enprgqdv4clir1kj9lfd",
                "labels": {},
                "port": 22,
                "predefined_target": "",
                "protocol": "TCP",
                "security_group_id": "",
                "to_port": -1,
                "v4_cidr_blocks": [
                  "0.0.0.0/0"
                ],
                "v6_cidr_blocks": []
              }
            ],
            "labels": {},
            "name": "web-sg",
            "network_id": "enpq4vchgo2fnsp48qc2",
            "status": "ACTIVE",
            "timeouts": null
          },
          "sensitive_attributes": [],
          "identity_schema_version": 0,
          "private": "eyJlMmJmYjczMC1lY2FhLTExZTYtOGY4OC0zNDM2M2JjN2M0YzAiOnsiY3JlYXRlIjoxODAwMDAwMDAwMDAsImRlbGV0ZSI6MTgwMDAwMDAwMDAwLCJ1cGRhdGUiOjE4MDAwMDAwMDAwMH19",
          "dependencies": [
            "yandex_vpc_network.network"
          ]
        }
      ]
    },
    {
      "mode": "managed",
      "type": "yandex_vpc_subnet",
      "name": "subnet",
      "provider": "provider[\"terraform-registry.storage.yandexcloud.net/yandex-cloud/yandex\"]",
      "instances": [
        {
          "schema_version": 0,
          "attributes": {
            "created_at": "2026-08-27T13:46:07Z",
            "description": "",
            "dhcp_options": [],
            "folder_id": "b1gi0pl6qs2gem9ei8f5",
            "id": "e9bigbgf7mg43bj4tbep",
            "labels": {},
            "name": "lb-subnet",
            "network_id": "enpq4vchgo2fnsp48qc2",
            "route_table_id": "",
            "timeouts": null,
            "v4_cidr_blocks": [
              "192.168.10.0/24"
            ],
            "v6_cidr_blocks": [],
            "zone": "ru-central1-a"
          },
          "sensitive_attributes": [],
          "identity_schema_version": 0,
          "private": "eyJlMmJmYjczMC1lY2FhLTExZTYtOGY4OC0zNDM2M2JjN2M0YzAiOnsiY3JlYXRlIjoxODAwMDAwMDAwMDAsImRlbGV0ZSI6MTgwMDAwMDAwMDAwLCJ1cGRhdGUiOjE4MDAwMDAwMDAwMH19",
          "dependencies": [
            "yandex_vpc_network.network"
          ]
        }
      ]
    }
  ],
  "check_results": null
}
